
Microsoft Visual Studio Solution File, Format Version 12.00
# Visual Studio Version 17
VisualStudioVersion = 17.4.33213.308
MinimumVisualStudioVersion = 10.0.40219.1
Project("{FAE04EC0-301F-11D3-BF4B-00C04F79EFBC}") = "BuyXGetYFree", "BuyXGetYFree\BuyXGetYFree.csproj", "{935F505B-A093-404D-B3A8-01E2F156190C}"
EndProject
Project("{FAE04EC0-301F-11D3-BF4B-00C04F79EFBC}") = "BuyXGetYFreeLibrary", "BuyXGetYFreeLibrary\BuyXGetYFreeLibrary.csproj", "{1BBFA9C3-052A-4A6A-A0A3-B254CD3F21E2}"
EndProject
Project("{FAE04EC0-301F-11D3-BF4B-00C04F79EFBC}") = "BuyXGetYFreeTests", "BuyXGetYFreeTests\BuyXGetYFreeTests.csproj", "{72619A95-F545-43E3-AEBD-BF2415C50C2C}"
EndProject
Global
	GlobalSection(SolutionConfigurationPlatforms) = preSolution
		Debug|Any CPU = Debug|Any CPU
		Release|Any CPU = Release|Any CPU
	EndGlobalSection
	GlobalSection(ProjectConfigurationPlatforms) = postSolution
		{935F505B-A093-404D-B3A8-01E2F156190C}.Debug|Any CPU.ActiveCfg = Debug|Any CPU
		{935F505B-A093-404D-B3A8-01E2F156190C}.Debug|Any CPU.Build.0 = Debug|Any CPU
		{935F505B-A093-404D-B3A8-01E2F156190C}.Release|Any CPU.ActiveCfg = Release|Any CPU
		{935F505B-A093-404D-B3A8-01E2F156190C}.Release|Any CPU.Build.0 = Release|Any CPU
		{1BBFA9C3-052A-4A6A-A0A3-B254CD3F21E2}.Debug|Any CPU.ActiveCfg = Debug|Any CPU
		{1BBFA9C3-052A-4A6A-A0A3-B254CD3F21E2}.Debug|Any CPU.Build.0 = Debug|Any CPU
		{1BBFA9C3-052A-4A6A-A0A3-B254CD3F21E2}.Release|Any CPU.ActiveCfg = Release|Any CPU
		{1BBFA9C3-052A-4A6A-A0A3-B254CD3F21E2}.Release|Any CPU.Build.0 = Release|Any CPU
		{72619A95-F545-43E3-AEBD-BF2415C50C2C}.Debug|Any CPU.ActiveCfg = Debug|Any CPU
		{72619A95-F545-43E3-AEBD-BF2415C50C2C}.Debug|Any CPU.Build.0 = Debug|Any CPU
		{72619A95-F545-43E3-AEBD-BF2415C50C2C}.Release|Any CPU.ActiveCfg = Release|Any CPU
		{72619A95-F545-43E3-AEBD-BF2415C50C2C}.Release|Any CPU.Build.0 = Release|Any CPU
	EndGlobalSection
	GlobalSection(SolutionProperties) = preSolution
		HideSolutionNode = FALSE
	EndGlobalSection
	GlobalSection(ExtensibilityGlobals) = postSolution
		SolutionGuid = {4F918A8F-DDAF-499A-836C-9A6337CDE048}
	EndGlobalSection
EndGlobal
